{
  "name": "testing-library-playground",
  "version": "1.0.0",
  "lockfileVersion": 1,
  "requires": true,
  "dependencies": {
    "servor": {
      "version": "3.3.1",
      "resolved": "https://registry.npmjs.org/servor/-/servor-3.3.1.tgz",
      "integrity": "sha512-3597Ob1ZKGzRYNZSgD/LSpiQcj3JRN6MvIDFUxkcwtWwUvXkrskhPT3Z5FiFFS3RIG0Je94x56Y9AfvY+mcvgA==",
      "dev": true
    }
  }
}
